
Microsoft Visual Studio Solution File, Format Version 12.00
# Visual Studio Version 16
VisualStudioVersion = 16.0.28705.295
MinimumVisualStudioVersion = 10.0.40219.1
Project("{9A19103F-16F7-4668-BE54-9A1E7A4F7556}") = "DistributedLock", "DistributedLock\DistributedLock.csproj", "{51122AB5-0B87-4E62-B27E-CFD76CEEFFA7}"
EndProject
Project("{9A19103F-16F7-4668-BE54-9A1E7A4F7556}") = "DistributedLock.AzureStorage", "DistributedLock.AzureStorage\DistributedLock.AzureStorage.csproj", "{27BA9C40-07B4-480F-8A39-32D6DC12487B}"
EndProject
Global
	GlobalSection(SolutionConfigurationPlatforms) = preSolution
		Debug|Any CPU = Debug|Any CPU
		Release|Any CPU = Release|Any CPU
	EndGlobalSection
	GlobalSection(ProjectConfigurationPlatforms) = postSolution
		{51122AB5-0B87-4E62-B27E-CFD76CEEFFA7}.Debug|Any CPU.ActiveCfg = Debug|Any CPU
		{51122AB5-0B87-4E62-B27E-CFD76CEEFFA7}.Debug|Any CPU.Build.0 = Debug|Any CPU
		{51122AB5-0B87-4E62-B27E-CFD76CEEFFA7}.Release|Any CPU.ActiveCfg = Release|Any CPU
		{51122AB5-0B87-4E62-B27E-CFD76CEEFFA7}.Release|Any CPU.Build.0 = Release|Any CPU
		{27BA9C40-07B4-480F-8A39-32D6DC12487B}.Debug|Any CPU.ActiveCfg = Debug|Any CPU
		{27BA9C40-07B4-480F-8A39-32D6DC12487B}.Debug|Any CPU.Build.0 = Debug|Any CPU
		{27BA9C40-07B4-480F-8A39-32D6DC12487B}.Release|Any CPU.ActiveCfg = Release|Any CPU
		{27BA9C40-07B4-480F-8A39-32D6DC12487B}.Release|Any CPU.Build.0 = Release|Any CPU
	EndGlobalSection
	GlobalSection(SolutionProperties) = preSolution
		HideSolutionNode = FALSE
	EndGlobalSection
	GlobalSection(ExtensibilityGlobals) = postSolution
		SolutionGuid = {DA02D22F-63F1-4029-B00A-318CF0851B18}
	EndGlobalSection
EndGlobal
