
Microsoft Visual Studio Solution File, Format Version 12.00
# Visual Studio Version 16
VisualStudioVersion = 16.0.28705.295
MinimumVisualStudioVersion = 10.0.40219.1
Project("{9A19103F-16F7-4668-BE54-9A1E7A4F7556}") = "DistributedLock", "DistributedLock\DistributedLock.csproj", "{51122AB5-0B87-4E62-B27E-CFD76CEEFFA7}"
EndProject
Project("{9A19103F-16F7-4668-BE54-9A1E7A4F7556}") = "DistributedLock.AzureStorage", "DistributedLock.AzureStorage\DistributedLock.AzureStorage.csproj", "{27BA9C40-07B4-480F-8A39-32D6DC12487B}"
EndProject
Project("{2150E333-8FDC-42A3-9474-1A3956D46DE8}") = "src", "src", "{0842F1C8-90C2-4B08-BF43-6E6C5AA9BDBA}"
EndProject
Project("{2150E333-8FDC-42A3-9474-1A3956D46DE8}") = "tests", "tests", "{D171A012-4DAD-4109-9F93-206619857D73}"
EndProject
Project("{2150E333-8FDC-42A3-9474-1A3956D46DE8}") = "samples", "samples", "{331E565F-D8E5-4B2D-9683-92BDCCC64864}"
EndProject
Project("{9A19103F-16F7-4668-BE54-9A1E7A4F7556}") = "SingleNode", "..\samples\1-singleNode\SingleNode\SingleNode.csproj", "{CEAA8F62-C374-4643-8D73-D635EC7A0D6D}"
EndProject
Project("{2150E333-8FDC-42A3-9474-1A3956D46DE8}") = "1-SingleNode", "1-SingleNode", "{DABFA89C-2E15-468F-ADCB-815E2E54837D}"
EndProject
Project("{2150E333-8FDC-42A3-9474-1A3956D46DE8}") = "2-CompetitorsLocks", "2-CompetitorsLocks", "{F9C7A47F-608C-4553-9BB6-5538B6680651}"
EndProject
Project("{2150E333-8FDC-42A3-9474-1A3956D46DE8}") = "3-MultiNodes", "3-MultiNodes", "{2E333A1A-5AF9-4A8D-A826-8BD1B55EAE06}"
EndProject
Project("{9A19103F-16F7-4668-BE54-9A1E7A4F7556}") = "CompetitorsLocks", "..\samples\2-CompetitorsLocks\CompetitorsLocks\CompetitorsLocks.csproj", "{3856EE4F-73A6-48B1-8DB8-3DB56892F872}"
EndProject
Project("{9A19103F-16F7-4668-BE54-9A1E7A4F7556}") = "Node1", "..\samples\3-MultiNodes\Node1\Node1.csproj", "{74AF12E5-2FCA-49F7-BAD8-22186651E926}"
EndProject
Project("{9A19103F-16F7-4668-BE54-9A1E7A4F7556}") = "Node2", "..\samples\3-MultiNodes\Node2\Node2.csproj", "{7EF67B4A-4994-4368-9B21-62EBF007EC52}"
EndProject
Global
	GlobalSection(SolutionConfigurationPlatforms) = preSolution
		Debug|Any CPU = Debug|Any CPU
		Release|Any CPU = Release|Any CPU
	EndGlobalSection
	GlobalSection(ProjectConfigurationPlatforms) = postSolution
		{51122AB5-0B87-4E62-B27E-CFD76CEEFFA7}.Debug|Any CPU.ActiveCfg = Debug|Any CPU
		{51122AB5-0B87-4E62-B27E-CFD76CEEFFA7}.Debug|Any CPU.Build.0 = Debug|Any CPU
		{51122AB5-0B87-4E62-B27E-CFD76CEEFFA7}.Release|Any CPU.ActiveCfg = Release|Any CPU
		{51122AB5-0B87-4E62-B27E-CFD76CEEFFA7}.Release|Any CPU.Build.0 = Release|Any CPU
		{27BA9C40-07B4-480F-8A39-32D6DC12487B}.Debug|Any CPU.ActiveCfg = Debug|Any CPU
		{27BA9C40-07B4-480F-8A39-32D6DC12487B}.Debug|Any CPU.Build.0 = Debug|Any CPU
		{27BA9C40-07B4-480F-8A39-32D6DC12487B}.Release|Any CPU.ActiveCfg = Release|Any CPU
		{27BA9C40-07B4-480F-8A39-32D6DC12487B}.Release|Any CPU.Build.0 = Release|Any CPU
		{CEAA8F62-C374-4643-8D73-D635EC7A0D6D}.Debug|Any CPU.ActiveCfg = Debug|Any CPU
		{CEAA8F62-C374-4643-8D73-D635EC7A0D6D}.Debug|Any CPU.Build.0 = Debug|Any CPU
		{CEAA8F62-C374-4643-8D73-D635EC7A0D6D}.Release|Any CPU.ActiveCfg = Release|Any CPU
		{CEAA8F62-C374-4643-8D73-D635EC7A0D6D}.Release|Any CPU.Build.0 = Release|Any CPU
		{3856EE4F-73A6-48B1-8DB8-3DB56892F872}.Debug|Any CPU.ActiveCfg = Debug|Any CPU
		{3856EE4F-73A6-48B1-8DB8-3DB56892F872}.Debug|Any CPU.Build.0 = Debug|Any CPU
		{3856EE4F-73A6-48B1-8DB8-3DB56892F872}.Release|Any CPU.ActiveCfg = Release|Any CPU
		{3856EE4F-73A6-48B1-8DB8-3DB56892F872}.Release|Any CPU.Build.0 = Release|Any CPU
		{74AF12E5-2FCA-49F7-BAD8-22186651E926}.Debug|Any CPU.ActiveCfg = Debug|Any CPU
		{74AF12E5-2FCA-49F7-BAD8-22186651E926}.Debug|Any CPU.Build.0 = Debug|Any CPU
		{74AF12E5-2FCA-49F7-BAD8-22186651E926}.Release|Any CPU.ActiveCfg = Release|Any CPU
		{74AF12E5-2FCA-49F7-BAD8-22186651E926}.Release|Any CPU.Build.0 = Release|Any CPU
		{7EF67B4A-4994-4368-9B21-62EBF007EC52}.Debug|Any CPU.ActiveCfg = Debug|Any CPU
		{7EF67B4A-4994-4368-9B21-62EBF007EC52}.Debug|Any CPU.Build.0 = Debug|Any CPU
		{7EF67B4A-4994-4368-9B21-62EBF007EC52}.Release|Any CPU.ActiveCfg = Release|Any CPU
		{7EF67B4A-4994-4368-9B21-62EBF007EC52}.Release|Any CPU.Build.0 = Release|Any CPU
	EndGlobalSection
	GlobalSection(SolutionProperties) = preSolution
		HideSolutionNode = FALSE
	EndGlobalSection
	GlobalSection(NestedProjects) = preSolution
		{51122AB5-0B87-4E62-B27E-CFD76CEEFFA7} = {0842F1C8-90C2-4B08-BF43-6E6C5AA9BDBA}
		{27BA9C40-07B4-480F-8A39-32D6DC12487B} = {0842F1C8-90C2-4B08-BF43-6E6C5AA9BDBA}
		{CEAA8F62-C374-4643-8D73-D635EC7A0D6D} = {DABFA89C-2E15-468F-ADCB-815E2E54837D}
		{DABFA89C-2E15-468F-ADCB-815E2E54837D} = {331E565F-D8E5-4B2D-9683-92BDCCC64864}
		{F9C7A47F-608C-4553-9BB6-5538B6680651} = {331E565F-D8E5-4B2D-9683-92BDCCC64864}
		{2E333A1A-5AF9-4A8D-A826-8BD1B55EAE06} = {331E565F-D8E5-4B2D-9683-92BDCCC64864}
		{3856EE4F-73A6-48B1-8DB8-3DB56892F872} = {F9C7A47F-608C-4553-9BB6-5538B6680651}
		{74AF12E5-2FCA-49F7-BAD8-22186651E926} = {2E333A1A-5AF9-4A8D-A826-8BD1B55EAE06}
		{7EF67B4A-4994-4368-9B21-62EBF007EC52} = {2E333A1A-5AF9-4A8D-A826-8BD1B55EAE06}
	EndGlobalSection
	GlobalSection(ExtensibilityGlobals) = postSolution
		SolutionGuid = {DA02D22F-63F1-4029-B00A-318CF0851B18}
	EndGlobalSection
EndGlobal
